
Microsoft Visual Studio Solution File, Format Version 12.00
# Visual Studio Version 17
VisualStudioVersion = 17.8.34330.188
MinimumVisualStudioVersion = 10.0.40219.1
Project("{8BC9CEB8-8B4A-11D0-8D11-00A0C91BC942}") = "wavelet", "wavelet\wavelet.vcxproj", "{BF42D3BD-1294-418C-900D-5C3E69B0C4F9}"
EndProject
Global
	GlobalSection(SolutionConfigurationPlatforms) = preSolution
		Debug|x64 = Debug|x64
		Debug|x86 = Debug|x86
		Release|x64 = Release|x64
		Release|x86 = Release|x86
	EndGlobalSection
	GlobalSection(ProjectConfigurationPlatforms) = postSolution
		{BF42D3BD-1294-418C-900D-5C3E69B0C4F9}.Debug|x64.ActiveCfg = Debug|x64
		{BF42D3BD-1294-418C-900D-5C3E69B0C4F9}.Debug|x64.Build.0 = Debug|x64
		{BF42D3BD-1294-418C-900D-5C3E69B0C4F9}.Debug|x86.ActiveCfg = Debug|Win32
		{BF42D3BD-1294-418C-900D-5C3E69B0C4F9}.Debug|x86.Build.0 = Debug|Win32
		{BF42D3BD-1294-418C-900D-5C3E69B0C4F9}.Release|x64.ActiveCfg = Release|x64
		{BF42D3BD-1294-418C-900D-5C3E69B0C4F9}.Release|x64.Build.0 = Release|x64
		{BF42D3BD-1294-418C-900D-5C3E69B0C4F9}.Release|x86.ActiveCfg = Release|Win32
		{BF42D3BD-1294-418C-900D-5C3E69B0C4F9}.Release|x86.Build.0 = Release|Win32
	EndGlobalSection
	GlobalSection(SolutionProperties) = preSolution
		HideSolutionNode = FALSE
	EndGlobalSection
	GlobalSection(ExtensibilityGlobals) = postSolution
		SolutionGuid = {B2E0329D-78F0-4BE9-AD16-28F93F4AFECA}
	EndGlobalSection
EndGlobal
